// !$*UTF8*$!
{
	archiveVersion = 1;
	classes = {
	};
	objectVersion = 56;
	objects = {

/* Begin PBXBuildFile section */
		1C5449542A250DBA0009447F /* AppDelegate.swift in Sources */ = {isa = PBXBuildFile; fileRef = 1C5449532A250DBA0009447F /* AppDelegate.swift */; };
		1C5449562A250DBA0009447F /* GameScene.sks in Resources */ = {isa = PBXBuildFile; fileRef = 1C5449552A250DBA0009447F /* GameScene.sks */; };
		1C54495A2A250DBA0009447F /* GameScene.swift in Sources */ = {isa = PBXBuildFile; fileRef = 1C5449592A250DBA0009447F /* GameScene.swift */; };
		1C54495C2A250DBA0009447F /* GameViewController.swift in Sources */ = {isa = PBXBuildFile; fileRef = 1C54495B2A250DBA0009447F /* GameViewController.swift */; };
		1C54495F2A250DBA0009447F /* Main.storyboard in Resources */ = {isa = PBXBuildFile; fileRef = 1C54495D2A250DBA0009447F /* Main.storyboard */; };
		1C5449612A250DC00009447F /* Assets.xcassets in Resources */ = {isa = PBXBuildFile; fileRef = 1C5449602A250DC00009447F /* Assets.xcassets */; };
		1C5449642A250DC00009447F /* LaunchScreen.storyboard in Resources */ = {isa = PBXBuildFile; fileRef = 1C5449622A250DC00009447F /* LaunchScreen.storyboard */; };
		1C5449752A250EB00009447F /* swoosh1.caf in Resources */ = {isa = PBXBuildFile; fileRef = 1C54496D2A250EAC0009447F /* swoosh1.caf */; };
		1C5449762A250EB00009447F /* swoosh3.caf in Resources */ = {isa = PBXBuildFile; fileRef = 1C54496E2A250EAD0009447F /* swoosh3.caf */; };
		1C5449772A250EB00009447F /* sliceFuse.sks in Resources */ = {isa = PBXBuildFile; fileRef = 1C54496F2A250EAD0009447F /* sliceFuse.sks */; };
		1C5449782A250EB00009447F /* swoosh2.caf in Resources */ = {isa = PBXBuildFile; fileRef = 1C5449702A250EAD0009447F /* swoosh2.caf */; };
		1C5449792A250EB00009447F /* whack.caf in Resources */ = {isa = PBXBuildFile; fileRef = 1C5449712A250EAE0009447F /* whack.caf */; };
		1C54497A2A250EB00009447F /* wrong.caf in Resources */ = {isa = PBXBuildFile; fileRef = 1C5449722A250EAE0009447F /* wrong.caf */; };
		1C54497B2A250EB00009447F /* sliceHitBomb.sks in Resources */ = {isa = PBXBuildFile; fileRef = 1C5449732A250EAF0009447F /* sliceHitBomb.sks */; };
		1C54497C2A250EB00009447F /* sliceHitEnemy.sks in Resources */ = {isa = PBXBuildFile; fileRef = 1C5449742A250EAF0009447F /* sliceHitEnemy.sks */; };
/* End PBXBuildFile section */

/* Begin PBXFileReference section */
		1C5449502A250DBA0009447F /* Swifty Ninja.app */ = {isa = PBXFileReference; explicitFileType = wrapper.application; includeInIndex = 0; path = "Swifty Ninja.app"; sourceTree = BUILT_PRODUCTS_DIR; };
		1C5449532A250DBA0009447F /* AppDelegate.swift */ = {isa = PBXFileReference; lastKnownFileType = sourcecode.swift; path = AppDelegate.swift; sourceTree = "<group>"; };
		1C5449552A250DBA0009447F /* GameScene.sks */ = {isa = PBXFileReference; lastKnownFileType = file.sks; path = GameScene.sks; sourceTree = "<group>"; };
		1C5449592A250DBA0009447F /* GameScene.swift */ = {isa = PBXFileReference; lastKnownFileType = sourcecode.swift; path = GameScene.swift; sourceTree = "<group>"; };
		1C54495B2A250DBA0009447F /* GameViewController.swift */ = {isa = PBXFileReference; lastKnownFileType = sourcecode.swift; path = GameViewController.swift; sourceTree = "<group>"; };
		1C54495E2A250DBA0009447F /* Base */ = {isa = PBXFileReference; lastKnownFileType = file.storyboard; name = Base; path = Base.lproj/Main.storyboard; sourceTree = "<group>"; };
		1C5449602A250DC00009447F /* Assets.xcassets */ = {isa = PBXFileReference; lastKnownFileType = folder.assetcatalog; path = Assets.xcassets; sourceTree = "<group>"; };
		1C5449632A250DC00009447F /* Base */ = {isa = PBXFileReference; lastKnownFileType = file.storyboard; name = Base; path = Base.lproj/LaunchScreen.storyboard; sourceTree = "<group>"; };
		1C54496A2A250E8C0009447F /* launch.caf */ = {isa = PBXFileReference; lastKnownFileType = file; path = launch.caf; sourceTree = "<group>"; };
		1C54496B2A250E8D0009447F /* explosion.caf */ = {isa = PBXFileReference; lastKnownFileType = file; path = explosion.caf; sourceTree = "<group>"; };
		1C54496C2A250E8D0009447F /* sliceBombFuse.caf */ = {isa = PBXFileReference; lastKnownFileType = file; path = sliceBombFuse.caf; sourceTree = "<group>"; };
		1C54496D2A250EAC0009447F /* swoosh1.caf */ = {isa = PBXFileReference; lastKnownFileType = file; path = swoosh1.caf; sourceTree = "<group>"; };
		1C54496E2A250EAD0009447F /* swoosh3.caf */ = {isa = PBXFileReference; lastKnownFileType = file; path = swoosh3.caf; sourceTree = "<group>"; };
		1C54496F2A250EAD0009447F /* sliceFuse.sks */ = {isa = PBXFileReference; lastKnownFileType = file.sks; path = sliceFuse.sks; sourceTree = "<group>"; };
		1C5449702A250EAD0009447F /* swoosh2.caf */ = {isa = PBXFileReference; lastKnownFileType = file; path = swoosh2.caf; sourceTree = "<group>"; };
		1C5449712A250EAE0009447F /* whack.caf */ = {isa = PBXFileReference; lastKnownFileType = file; path = whack.caf; sourceTree = "<group>"; };
		1C5449722A250EAE0009447F /* wrong.caf */ = {isa = PBXFileReference; lastKnownFileType = file; path = wrong.caf; sourceTree = "<group>"; };
		1C5449732A250EAF0009447F /* sliceHitBomb.sks */ = {isa = PBXFileReference; lastKnownFileType = file.sks; path = sliceHitBomb.sks; sourceTree = "<group>"; };
		1C5449742A250EAF0009447F /* sliceHitEnemy.sks */ = {isa = PBXFileReference; lastKnownFileType = file.sks; path = sliceHitEnemy.sks; sourceTree = "<group>"; };
/* End PBXFileReference section */

/* Begin PBXFrameworksBuildPhase section */
		1C54494D2A250DBA0009447F /* Frameworks */ = {
			isa = PBXFrameworksBuildPhase;
			buildActionMask = 2147483647;
			files = (
			);
			runOnlyForDeploymentPostprocessing = 0;
		};
/* End PBXFrameworksBuildPhase section */

/* Begin PBXGroup section */
		1C5449472A250DBA0009447F = {
			isa = PBXGroup;
			children = (
				1C5449522A250DBA0009447F /* Swifty Ninja */,
				1C5449512A250DBA0009447F /* Products */,
			);
			sourceTree = "<group>";
		};
		1C5449512A250DBA0009447F /* Products */ = {
			isa = PBXGroup;
			children = (
				1C5449502A250DBA0009447F /* Swifty Ninja.app */,
			);
			name = Products;
			sourceTree = "<group>";
		};
		1C5449522A250DBA0009447F /* Swifty Ninja */ = {
			isa = PBXGroup;
			children = (
				1C5449532A250DBA0009447F /* AppDelegate.swift */,
				1C5449552A250DBA0009447F /* GameScene.sks */,
				1C5449592A250DBA0009447F /* GameScene.swift */,
				1C54495B2A250DBA0009447F /* GameViewController.swift */,
				1C54495D2A250DBA0009447F /* Main.storyboard */,
				1C5449602A250DC00009447F /* Assets.xcassets */,
				1C54496B2A250E8D0009447F /* explosion.caf */,
				1C54496A2A250E8C0009447F /* launch.caf */,
				1C54496C2A250E8D0009447F /* sliceBombFuse.caf */,
				1C54496F2A250EAD0009447F /* sliceFuse.sks */,
				1C5449732A250EAF0009447F /* sliceHitBomb.sks */,
				1C5449742A250EAF0009447F /* sliceHitEnemy.sks */,
				1C54496D2A250EAC0009447F /* swoosh1.caf */,
				1C5449702A250EAD0009447F /* swoosh2.caf */,
				1C54496E2A250EAD0009447F /* swoosh3.caf */,
				1C5449712A250EAE0009447F /* whack.caf */,
				1C5449722A250EAE0009447F /* wrong.caf */,
				1C5449622A250DC00009447F /* LaunchScreen.storyboard */,
			);
			path = "Swifty Ninja";
			sourceTree = "<group>";
		};
/* End PBXGroup section */

/* Begin PBXNativeTarget section */
		1C54494F2A250DBA0009447F /* Swifty Ninja */ = {
			isa = PBXNativeTarget;
			buildConfigurationList = 1C5449672A250DC00009447F /* Build configuration list for PBXNativeTarget "Swifty Ninja" */;
			buildPhases = (
				1C54494C2A250DBA0009447F /* Sources */,
				1C54494D2A250DBA0009447F /* Frameworks */,
				1C54494E2A250DBA0009447F /* Resources */,
			);
			buildRules = (
			);
			dependencies = (
			);
			name = "Swifty Ninja";
			productName = "Swifty Ninja";
			productReference = 1C5449502A250DBA0009447F /* Swifty Ninja.app */;
			productType = "com.apple.product-type.application";
		};
/* End PBXNativeTarget section */

/* Begin PBXProject section */
		1C5449482A250DBA0009447F /* Project object */ = {
			isa = PBXProject;
			attributes = {
				BuildIndependentTargetsInParallel = 1;
				LastSwiftUpdateCheck = 1410;
				LastUpgradeCheck = 1410;
				TargetAttributes = {
					1C54494F2A250DBA0009447F = {
						CreatedOnToolsVersion = 14.1;
					};
				};
			};
			buildConfigurationList = 1C54494B2A250DBA0009447F /* Build configuration list for PBXProject "Swifty Ninja" */;
			compatibilityVersion = "Xcode 14.0";
			developmentRegion = en;
			hasScannedForEncodings = 0;
			knownRegions = (
				en,
				Base,
			);
			mainGroup = 1C5449472A250DBA0009447F;
			productRefGroup = 1C5449512A250DBA0009447F /* Products */;
			projectDirPath = "";
			projectRoot = "";
			targets = (
				1C54494F2A250DBA0009447F /* Swifty Ninja */,
			);
		};
/* End PBXProject section */

/* Begin PBXResourcesBuildPhase section */
		1C54494E2A250DBA0009447F /* Resources */ = {
			isa = PBXResourcesBuildPhase;
			buildActionMask = 2147483647;
			files = (
				1C5449782A250EB00009447F /* swoosh2.caf in Resources */,
				1C54495F2A250DBA0009447F /* Main.storyboard in Resources */,
				1C5449792A250EB00009447F /* whack.caf in Resources */,
				1C54497C2A250EB00009447F /* sliceHitEnemy.sks in Resources */,
				1C5449752A250EB00009447F /* swoosh1.caf in Resources */,
				1C54497B2A250EB00009447F /* sliceHitBomb.sks in Resources */,
				1C5449562A250DBA0009447F /* GameScene.sks in Resources */,
				1C5449612A250DC00009447F /* Assets.xcassets in Resources */,
				1C5449642A250DC00009447F /* LaunchScreen.storyboard in Resources */,
				1C5449772A250EB00009447F /* sliceFuse.sks in Resources */,
				1C54497A2A250EB00009447F /* wrong.caf in Resources */,
				1C5449762A250EB00009447F /* swoosh3.caf in Resources */,
			);
			runOnlyForDeploymentPostprocessing = 0;
		};
/* End PBXResourcesBuildPhase section */

/* Begin PBXSourcesBuildPhase section */
		1C54494C2A250DBA0009447F /* Sources */ = {
			isa = PBXSourcesBuildPhase;
			buildActionMask = 2147483647;
			files = (
				1C54495A2A250DBA0009447F /* GameScene.swift in Sources */,
				1C54495C2A250DBA0009447F /* GameViewController.swift in Sources */,
				1C5449542A250DBA0009447F /* AppDelegate.swift in Sources */,
			);
			runOnlyForDeploymentPostprocessing = 0;
		};
/* End PBXSourcesBuildPhase section */

/* Begin PBXVariantGroup section */
		1C54495D2A250DBA0009447F /* Main.storyboard */ = {
			isa = PBXVariantGroup;
			children = (
				1C54495E2A250DBA0009447F /* Base */,
			);
			name = Main.storyboard;
			sourceTree = "<group>";
		};
		1C5449622A250DC00009447F /* LaunchScreen.storyboard */ = {
			isa = PBXVariantGroup;
			children = (
				1C5449632A250DC00009447F /* Base */,
			);
			name = LaunchScreen.storyboard;
			sourceTree = "<group>";
		};
/* End PBXVariantGroup section */

/* Begin XCBuildConfiguration section */
		1C5449652A250DC00009447F /* Debug */ = {
			isa = XCBuildConfiguration;
			buildSettings = {
				ALWAYS_SEARCH_USER_PATHS = NO;
				CLANG_ANALYZER_NONNULL = YES;
				CLANG_ANALYZER_NUMBER_OBJECT_CONVERSION = YES_AGGRESSIVE;
				CLANG_CXX_LANGUAGE_STANDARD = "gnu++20";
				CLANG_ENABLE_MODULES = YES;
				CLANG_ENABLE_OBJC_ARC = YES;
				CLANG_ENABLE_OBJC_WEAK = YES;
				CLANG_WARN_BLOCK_CAPTURE_AUTORELEASING = YES;
				CLANG_WARN_BOOL_CONVERSION = YES;
				CLANG_WARN_COMMA = YES;
				CLANG_WARN_CONSTANT_CONVERSION = YES;
				CLANG_WARN_DEPRECATED_OBJC_IMPLEMENTATIONS = YES;
				CLANG_WARN_DIRECT_OBJC_ISA_USAGE = YES_ERROR;
				CLANG_WARN_DOCUMENTATION_COMMENTS = YES;
				CLANG_WARN_EMPTY_BODY = YES;
				CLANG_WARN_ENUM_CONVERSION = YES;
				CLANG_WARN_INFINITE_RECURSION = YES;
				CLANG_WARN_INT_CONVERSION = YES;
				CLANG_WARN_NON_LITERAL_NULL_CONVERSION = YES;
				CLANG_WARN_OBJC_IMPLICIT_RETAIN_SELF = YES;
				CLANG_WARN_OBJC_LITERAL_CONVERSION = YES;
				CLANG_WARN_OBJC_ROOT_CLASS = YES_ERROR;
				CLANG_WARN_QUOTED_INCLUDE_IN_FRAMEWORK_HEADER = YES;
				CLANG_WARN_RANGE_LOOP_ANALYSIS = YES;
				CLANG_WARN_STRICT_PROTOTYPES = YES;
				CLANG_WARN_SUSPICIOUS_MOVE = YES;
				CLANG_WARN_UNGUARDED_AVAILABILITY = YES_AGGRESSIVE;
				CLANG_WARN_UNREACHABLE_CODE = YES;
				CLANG_WARN__DUPLICATE_METHOD_MATCH = YES;
				COPY_PHASE_STRIP = NO;
				DEBUG_INFORMATION_FORMAT = dwarf;
				ENABLE_STRICT_OBJC_MSGSEND = YES;
				ENABLE_TESTABILITY = YES;
				GCC_C_LANGUAGE_STANDARD = gnu11;
				GCC_DYNAMIC_NO_PIC = NO;
				GCC_NO_COMMON_BLOCKS = YES;
				GCC_OPTIMIZATION_LEVEL = 0;
				GCC_PREPROCESSOR_DEFINITIONS = (
					"DEBUG=1",
					"$(inherited)",
				);
				GCC_WARN_64_TO_32_BIT_CONVERSION = YES;
				GCC_WARN_ABOUT_RETURN_TYPE = YES_ERROR;
				GCC_WARN_UNDECLARED_SELECTOR = YES;
				GCC_WARN_UNINITIALIZED_AUTOS = YES_AGGRESSIVE;
				GCC_WARN_UNUSED_FUNCTION = YES;
				GCC_WARN_UNUSED_VARIABLE = YES;
				IPHONEOS_DEPLOYMENT_TARGET = 16.1;
				MTL_ENABLE_DEBUG_INFO = INCLUDE_SOURCE;
				MTL_FAST_MATH = YES;
				ONLY_ACTIVE_ARCH = YES;
				SDKROOT = iphoneos;
				SWIFT_ACTIVE_COMPILATION_CONDITIONS = DEBUG;
				SWIFT_OPTIMIZATION_LEVEL = "-Onone";
			};
			name = Debug;
		};
		1C5449662A250DC00009447F /* Release */ = {
			isa = XCBuildConfiguration;
			buildSettings = {
				ALWAYS_SEARCH_USER_PATHS = NO;
				CLANG_ANALYZER_NONNULL = YES;
				CLANG_ANALYZER_NUMBER_OBJECT_CONVERSION = YES_AGGRESSIVE;
				CLANG_CXX_LANGUAGE_STANDARD = "gnu++20";
				CLANG_ENABLE_MODULES = YES;
				CLANG_ENABLE_OBJC_ARC = YES;
				CLANG_ENABLE_OBJC_WEAK = YES;
				CLANG_WARN_BLOCK_CAPTURE_AUTORELEASING = YES;
				CLANG_WARN_BOOL_CONVERSION = YES;
				CLANG_WARN_COMMA = YES;
				CLANG_WARN_CONSTANT_CONVERSION = YES;
				CLANG_WARN_DEPRECATED_OBJC_IMPLEMENTATIONS = YES;
				CLANG_WARN_DIRECT_OBJC_ISA_USAGE = YES_ERROR;
				CLANG_WARN_DOCUMENTATION_COMMENTS = YES;
				CLANG_WARN_EMPTY_BODY = YES;
				CLANG_WARN_ENUM_CONVERSION = YES;
				CLANG_WARN_INFINITE_RECURSION = YES;
				CLANG_WARN_INT_CONVERSION = YES;
				CLANG_WARN_NON_LITERAL_NULL_CONVERSION = YES;
				CLANG_WARN_OBJC_IMPLICIT_RETAIN_SELF = YES;
				CLANG_WARN_OBJC_LITERAL_CONVERSION = YES;
				CLANG_WARN_OBJC_ROOT_CLASS = YES_ERROR;
				CLANG_WARN_QUOTED_INCLUDE_IN_FRAMEWORK_HEADER = YES;
				CLANG_WARN_RANGE_LOOP_ANALYSIS = YES;
				CLANG_WARN_STRICT_PROTOTYPES = YES;
				CLANG_WARN_SUSPICIOUS_MOVE = YES;
				CLANG_WARN_UNGUARDED_AVAILABILITY = YES_AGGRESSIVE;
				CLANG_WARN_UNREACHABLE_CODE = YES;
				CLANG_WARN__DUPLICATE_METHOD_MATCH = YES;
				COPY_PHASE_STRIP = NO;
				DEBUG_INFORMATION_FORMAT = "dwarf-with-dsym";
				ENABLE_NS_ASSERTIONS = NO;
				ENABLE_STRICT_OBJC_MSGSEND = YES;
				GCC_C_LANGUAGE_STANDARD = gnu11;
				GCC_NO_COMMON_BLOCKS = YES;
				GCC_WARN_64_TO_32_BIT_CONVERSION = YES;
				GCC_WARN_ABOUT_RETURN_TYPE = YES_ERROR;
				GCC_WARN_UNDECLARED_SELECTOR = YES;
				GCC_WARN_UNINITIALIZED_AUTOS = YES_AGGRESSIVE;
				GCC_WARN_UNUSED_FUNCTION = YES;
				GCC_WARN_UNUSED_VARIABLE = YES;
				IPHONEOS_DEPLOYMENT_TARGET = 16.1;
				MTL_ENABLE_DEBUG_INFO = NO;
				MTL_FAST_MATH = YES;
				SDKROOT = iphoneos;
				SWIFT_COMPILATION_MODE = wholemodule;
				SWIFT_OPTIMIZATION_LEVEL = "-O";
				VALIDATE_PRODUCT = YES;
			};
			name = Release;
		};
		1C5449682A250DC00009447F /* Debug */ = {
			isa = XCBuildConfiguration;
			buildSettings = {
				ASSETCATALOG_COMPILER_APPICON_NAME = AppIcon;
				ASSETCATALOG_COMPILER_GLOBAL_ACCENT_COLOR_NAME = AccentColor;
				CODE_SIGN_STYLE = Automatic;
				CURRENT_PROJECT_VERSION = 1;
				GENERATE_INFOPLIST_FILE = YES;
				INFOPLIST_KEY_UIApplicationSupportsIndirectInputEvents = YES;
				INFOPLIST_KEY_UILaunchStoryboardName = LaunchScreen;
				INFOPLIST_KEY_UIMainStoryboardFile = Main;
				INFOPLIST_KEY_UIStatusBarHidden = YES;
				INFOPLIST_KEY_UISupportedInterfaceOrientations = "UIInterfaceOrientationLandscapeLeft UIInterfaceOrientationLandscapeRight";
				LD_RUNPATH_SEARCH_PATHS = (
					"$(inherited)",
					"@executable_path/Frameworks",
				);
				MARKETING_VERSION = 1.0;
				PRODUCT_BUNDLE_IDENTIFIER = "me.yoong.tim.Swifty-Ninja";
				PRODUCT_NAME = "$(TARGET_NAME)";
				SUPPORTED_PLATFORMS = "iphoneos iphonesimulator";
				SUPPORTS_MACCATALYST = NO;
				SUPPORTS_MAC_DESIGNED_FOR_IPHONE_IPAD = NO;
				SWIFT_EMIT_LOC_STRINGS = YES;
				SWIFT_VERSION = 5.0;
				TARGETED_DEVICE_FAMILY = 2;
			};
			name = Debug;
		};
		1C5449692A250DC00009447F /* Release */ = {
			isa = XCBuildConfiguration;
			buildSettings = {
				ASSETCATALOG_COMPILER_APPICON_NAME = AppIcon;
				ASSETCATALOG_COMPILER_GLOBAL_ACCENT_COLOR_NAME = AccentColor;
				CODE_SIGN_STYLE = Automatic;
				CURRENT_PROJECT_VERSION = 1;
				GENERATE_INFOPLIST_FILE = YES;
				INFOPLIST_KEY_UIApplicationSupportsIndirectInputEvents = YES;
				INFOPLIST_KEY_UILaunchStoryboardName = LaunchScreen;
				INFOPLIST_KEY_UIMainStoryboardFile = Main;
				INFOPLIST_KEY_UIStatusBarHidden = YES;
				INFOPLIST_KEY_UISupportedInterfaceOrientations = "UIInterfaceOrientationLandscapeLeft UIInterfaceOrientationLandscapeRight";
				LD_RUNPATH_SEARCH_PATHS = (
					"$(inherited)",
					"@executable_path/Frameworks",
				);
				MARKETING_VERSION = 1.0;
				PRODUCT_BUNDLE_IDENTIFIER = "me.yoong.tim.Swifty-Ninja";
				PRODUCT_NAME = "$(TARGET_NAME)";
				SUPPORTED_PLATFORMS = "iphoneos iphonesimulator";
				SUPPORTS_MACCATALYST = NO;
				SUPPORTS_MAC_DESIGNED_FOR_IPHONE_IPAD = NO;
				SWIFT_EMIT_LOC_STRINGS = YES;
				SWIFT_VERSION = 5.0;
				TARGETED_DEVICE_FAMILY = 2;
			};
			name = Release;
		};
/* End XCBuildConfiguration section */

/* Begin XCConfigurationList section */
		1C54494B2A250DBA0009447F /* Build configuration list for PBXProject "Swifty Ninja" */ = {
			isa = XCConfigurationList;
			buildConfigurations = (
				1C5449652A250DC00009447F /* Debug */,
				1C5449662A250DC00009447F /* Release */,
			);
			defaultConfigurationIsVisible = 0;
			defaultConfigurationName = Release;
		};
		1C5449672A250DC00009447F /* Build configuration list for PBXNativeTarget "Swifty Ninja" */ = {
			isa = XCConfigurationList;
			buildConfigurations = (
				1C5449682A250DC00009447F /* Debug */,
				1C5449692A250DC00009447F /* Release */,
			);
			defaultConfigurationIsVisible = 0;
			defaultConfigurationName = Release;
		};
/* End XCConfigurationList section */
	};
	rootObject = 1C5449482A250DBA0009447F /* Project object */;
}
