// !$*UTF8*$!
{
	archiveVersion = 1;
	classes = {
	};
	objectVersion = 56;
	objects = {

/* Begin PBXBuildFile section */
		1C18226F2A2E0656009A3F92 /* BuildingNode.swift in Sources */ = {isa = PBXBuildFile; fileRef = 1C18226E2A2E0656009A3F92 /* BuildingNode.swift */; };
		1C1822722A2E2807009A3F92 /* hitPlayer.sks in Resources */ = {isa = PBXBuildFile; fileRef = 1C1822702A2E2806009A3F92 /* hitPlayer.sks */; };
		1C1822732A2E2807009A3F92 /* hitBuilding.sks in Resources */ = {isa = PBXBuildFile; fileRef = 1C1822712A2E2806009A3F92 /* hitBuilding.sks */; };
		1C2326EF2A2D299B00856F41 /* AppDelegate.swift in Sources */ = {isa = PBXBuildFile; fileRef = 1C2326EE2A2D299B00856F41 /* AppDelegate.swift */; };
		1C2326F12A2D299B00856F41 /* GameScene.sks in Resources */ = {isa = PBXBuildFile; fileRef = 1C2326F02A2D299B00856F41 /* GameScene.sks */; };
		1C2326F52A2D299B00856F41 /* GameScene.swift in Sources */ = {isa = PBXBuildFile; fileRef = 1C2326F42A2D299B00856F41 /* GameScene.swift */; };
		1C2326F72A2D299B00856F41 /* GameViewController.swift in Sources */ = {isa = PBXBuildFile; fileRef = 1C2326F62A2D299B00856F41 /* GameViewController.swift */; };
		1C2326FA2A2D299B00856F41 /* Main.storyboard in Resources */ = {isa = PBXBuildFile; fileRef = 1C2326F82A2D299B00856F41 /* Main.storyboard */; };
		1C2326FC2A2D299F00856F41 /* Assets.xcassets in Resources */ = {isa = PBXBuildFile; fileRef = 1C2326FB2A2D299F00856F41 /* Assets.xcassets */; };
		1C2326FF2A2D299F00856F41 /* LaunchScreen.storyboard in Resources */ = {isa = PBXBuildFile; fileRef = 1C2326FD2A2D299F00856F41 /* LaunchScreen.storyboard */; };
/* End PBXBuildFile section */

/* Begin PBXFileReference section */
		1C18226E2A2E0656009A3F92 /* BuildingNode.swift */ = {isa = PBXFileReference; lastKnownFileType = sourcecode.swift; path = BuildingNode.swift; sourceTree = "<group>"; };
		1C1822702A2E2806009A3F92 /* hitPlayer.sks */ = {isa = PBXFileReference; lastKnownFileType = file.sks; path = hitPlayer.sks; sourceTree = "<group>"; };
		1C1822712A2E2806009A3F92 /* hitBuilding.sks */ = {isa = PBXFileReference; lastKnownFileType = file.sks; path = hitBuilding.sks; sourceTree = "<group>"; };
		1C2326EB2A2D299B00856F41 /* Exploding Monkeys.app */ = {isa = PBXFileReference; explicitFileType = wrapper.application; includeInIndex = 0; path = "Exploding Monkeys.app"; sourceTree = BUILT_PRODUCTS_DIR; };
		1C2326EE2A2D299B00856F41 /* AppDelegate.swift */ = {isa = PBXFileReference; lastKnownFileType = sourcecode.swift; path = AppDelegate.swift; sourceTree = "<group>"; };
		1C2326F02A2D299B00856F41 /* GameScene.sks */ = {isa = PBXFileReference; lastKnownFileType = file.sks; path = GameScene.sks; sourceTree = "<group>"; };
		1C2326F42A2D299B00856F41 /* GameScene.swift */ = {isa = PBXFileReference; lastKnownFileType = sourcecode.swift; path = GameScene.swift; sourceTree = "<group>"; };
		1C2326F62A2D299B00856F41 /* GameViewController.swift */ = {isa = PBXFileReference; lastKnownFileType = sourcecode.swift; path = GameViewController.swift; sourceTree = "<group>"; };
		1C2326F92A2D299B00856F41 /* Base */ = {isa = PBXFileReference; lastKnownFileType = file.storyboard; name = Base; path = Base.lproj/Main.storyboard; sourceTree = "<group>"; };
		1C2326FB2A2D299F00856F41 /* Assets.xcassets */ = {isa = PBXFileReference; lastKnownFileType = folder.assetcatalog; path = Assets.xcassets; sourceTree = "<group>"; };
		1C2326FE2A2D299F00856F41 /* Base */ = {isa = PBXFileReference; lastKnownFileType = file.storyboard; name = Base; path = Base.lproj/LaunchScreen.storyboard; sourceTree = "<group>"; };
/* End PBXFileReference section */

/* Begin PBXFrameworksBuildPhase section */
		1C2326E82A2D299B00856F41 /* Frameworks */ = {
			isa = PBXFrameworksBuildPhase;
			buildActionMask = 2147483647;
			files = (
			);
			runOnlyForDeploymentPostprocessing = 0;
		};
/* End PBXFrameworksBuildPhase section */

/* Begin PBXGroup section */
		1C2326E22A2D299B00856F41 = {
			isa = PBXGroup;
			children = (
				1C2326ED2A2D299B00856F41 /* Exploding Monkeys */,
				1C2326EC2A2D299B00856F41 /* Products */,
			);
			sourceTree = "<group>";
		};
		1C2326EC2A2D299B00856F41 /* Products */ = {
			isa = PBXGroup;
			children = (
				1C2326EB2A2D299B00856F41 /* Exploding Monkeys.app */,
			);
			name = Products;
			sourceTree = "<group>";
		};
		1C2326ED2A2D299B00856F41 /* Exploding Monkeys */ = {
			isa = PBXGroup;
			children = (
				1C2326EE2A2D299B00856F41 /* AppDelegate.swift */,
				1C2326F02A2D299B00856F41 /* GameScene.sks */,
				1C2326F42A2D299B00856F41 /* GameScene.swift */,
				1C2326F62A2D299B00856F41 /* GameViewController.swift */,
				1C2326F82A2D299B00856F41 /* Main.storyboard */,
				1C18226E2A2E0656009A3F92 /* BuildingNode.swift */,
				1C2326FB2A2D299F00856F41 /* Assets.xcassets */,
				1C1822712A2E2806009A3F92 /* hitBuilding.sks */,
				1C1822702A2E2806009A3F92 /* hitPlayer.sks */,
				1C2326FD2A2D299F00856F41 /* LaunchScreen.storyboard */,
			);
			path = "Exploding Monkeys";
			sourceTree = "<group>";
		};
/* End PBXGroup section */

/* Begin PBXNativeTarget section */
		1C2326EA2A2D299B00856F41 /* Exploding Monkeys */ = {
			isa = PBXNativeTarget;
			buildConfigurationList = 1C2327022A2D299F00856F41 /* Build configuration list for PBXNativeTarget "Exploding Monkeys" */;
			buildPhases = (
				1C2326E72A2D299B00856F41 /* Sources */,
				1C2326E82A2D299B00856F41 /* Frameworks */,
				1C2326E92A2D299B00856F41 /* Resources */,
			);
			buildRules = (
			);
			dependencies = (
			);
			name = "Exploding Monkeys";
			productName = "Exploding Monkeys";
			productReference = 1C2326EB2A2D299B00856F41 /* Exploding Monkeys.app */;
			productType = "com.apple.product-type.application";
		};
/* End PBXNativeTarget section */

/* Begin PBXProject section */
		1C2326E32A2D299B00856F41 /* Project object */ = {
			isa = PBXProject;
			attributes = {
				BuildIndependentTargetsInParallel = 1;
				LastSwiftUpdateCheck = 1410;
				LastUpgradeCheck = 1410;
				TargetAttributes = {
					1C2326EA2A2D299B00856F41 = {
						CreatedOnToolsVersion = 14.1;
					};
				};
			};
			buildConfigurationList = 1C2326E62A2D299B00856F41 /* Build configuration list for PBXProject "Exploding Monkeys" */;
			compatibilityVersion = "Xcode 14.0";
			developmentRegion = en;
			hasScannedForEncodings = 0;
			knownRegions = (
				en,
				Base,
			);
			mainGroup = 1C2326E22A2D299B00856F41;
			productRefGroup = 1C2326EC2A2D299B00856F41 /* Products */;
			projectDirPath = "";
			projectRoot = "";
			targets = (
				1C2326EA2A2D299B00856F41 /* Exploding Monkeys */,
			);
		};
/* End PBXProject section */

/* Begin PBXResourcesBuildPhase section */
		1C2326E92A2D299B00856F41 /* Resources */ = {
			isa = PBXResourcesBuildPhase;
			buildActionMask = 2147483647;
			files = (
				1C2326FA2A2D299B00856F41 /* Main.storyboard in Resources */,
				1C2326F12A2D299B00856F41 /* GameScene.sks in Resources */,
				1C1822722A2E2807009A3F92 /* hitPlayer.sks in Resources */,
				1C2326FC2A2D299F00856F41 /* Assets.xcassets in Resources */,
				1C2326FF2A2D299F00856F41 /* LaunchScreen.storyboard in Resources */,
				1C1822732A2E2807009A3F92 /* hitBuilding.sks in Resources */,
			);
			runOnlyForDeploymentPostprocessing = 0;
		};
/* End PBXResourcesBuildPhase section */

/* Begin PBXSourcesBuildPhase section */
		1C2326E72A2D299B00856F41 /* Sources */ = {
			isa = PBXSourcesBuildPhase;
			buildActionMask = 2147483647;
			files = (
				1C2326F52A2D299B00856F41 /* GameScene.swift in Sources */,
				1C18226F2A2E0656009A3F92 /* BuildingNode.swift in Sources */,
				1C2326F72A2D299B00856F41 /* GameViewController.swift in Sources */,
				1C2326EF2A2D299B00856F41 /* AppDelegate.swift in Sources */,
			);
			runOnlyForDeploymentPostprocessing = 0;
		};
/* End PBXSourcesBuildPhase section */

/* Begin PBXVariantGroup section */
		1C2326F82A2D299B00856F41 /* Main.storyboard */ = {
			isa = PBXVariantGroup;
			children = (
				1C2326F92A2D299B00856F41 /* Base */,
			);
			name = Main.storyboard;
			sourceTree = "<group>";
		};
		1C2326FD2A2D299F00856F41 /* LaunchScreen.storyboard */ = {
			isa = PBXVariantGroup;
			children = (
				1C2326FE2A2D299F00856F41 /* Base */,
			);
			name = LaunchScreen.storyboard;
			sourceTree = "<group>";
		};
/* End PBXVariantGroup section */

/* Begin XCBuildConfiguration section */
		1C2327002A2D299F00856F41 /* Debug */ = {
			isa = XCBuildConfiguration;
			buildSettings = {
				ALWAYS_SEARCH_USER_PATHS = NO;
				CLANG_ANALYZER_NONNULL = YES;
				CLANG_ANALYZER_NUMBER_OBJECT_CONVERSION = YES_AGGRESSIVE;
				CLANG_CXX_LANGUAGE_STANDARD = "gnu++20";
				CLANG_ENABLE_MODULES = YES;
				CLANG_ENABLE_OBJC_ARC = YES;
				CLANG_ENABLE_OBJC_WEAK = YES;
				CLANG_WARN_BLOCK_CAPTURE_AUTORELEASING = YES;
				CLANG_WARN_BOOL_CONVERSION = YES;
				CLANG_WARN_COMMA = YES;
				CLANG_WARN_CONSTANT_CONVERSION = YES;
				CLANG_WARN_DEPRECATED_OBJC_IMPLEMENTATIONS = YES;
				CLANG_WARN_DIRECT_OBJC_ISA_USAGE = YES_ERROR;
				CLANG_WARN_DOCUMENTATION_COMMENTS = YES;
				CLANG_WARN_EMPTY_BODY = YES;
				CLANG_WARN_ENUM_CONVERSION = YES;
				CLANG_WARN_INFINITE_RECURSION = YES;
				CLANG_WARN_INT_CONVERSION = YES;
				CLANG_WARN_NON_LITERAL_NULL_CONVERSION = YES;
				CLANG_WARN_OBJC_IMPLICIT_RETAIN_SELF = YES;
				CLANG_WARN_OBJC_LITERAL_CONVERSION = YES;
				CLANG_WARN_OBJC_ROOT_CLASS = YES_ERROR;
				CLANG_WARN_QUOTED_INCLUDE_IN_FRAMEWORK_HEADER = YES;
				CLANG_WARN_RANGE_LOOP_ANALYSIS = YES;
				CLANG_WARN_STRICT_PROTOTYPES = YES;
				CLANG_WARN_SUSPICIOUS_MOVE = YES;
				CLANG_WARN_UNGUARDED_AVAILABILITY = YES_AGGRESSIVE;
				CLANG_WARN_UNREACHABLE_CODE = YES;
				CLANG_WARN__DUPLICATE_METHOD_MATCH = YES;
				COPY_PHASE_STRIP = NO;
				DEBUG_INFORMATION_FORMAT = dwarf;
				ENABLE_STRICT_OBJC_MSGSEND = YES;
				ENABLE_TESTABILITY = YES;
				GCC_C_LANGUAGE_STANDARD = gnu11;
				GCC_DYNAMIC_NO_PIC = NO;
				GCC_NO_COMMON_BLOCKS = YES;
				GCC_OPTIMIZATION_LEVEL = 0;
				GCC_PREPROCESSOR_DEFINITIONS = (
					"DEBUG=1",
					"$(inherited)",
				);
				GCC_WARN_64_TO_32_BIT_CONVERSION = YES;
				GCC_WARN_ABOUT_RETURN_TYPE = YES_ERROR;
				GCC_WARN_UNDECLARED_SELECTOR = YES;
				GCC_WARN_UNINITIALIZED_AUTOS = YES_AGGRESSIVE;
				GCC_WARN_UNUSED_FUNCTION = YES;
				GCC_WARN_UNUSED_VARIABLE = YES;
				IPHONEOS_DEPLOYMENT_TARGET = 16.1;
				MTL_ENABLE_DEBUG_INFO = INCLUDE_SOURCE;
				MTL_FAST_MATH = YES;
				ONLY_ACTIVE_ARCH = YES;
				SDKROOT = iphoneos;
				SWIFT_ACTIVE_COMPILATION_CONDITIONS = DEBUG;
				SWIFT_OPTIMIZATION_LEVEL = "-Onone";
			};
			name = Debug;
		};
		1C2327012A2D299F00856F41 /* Release */ = {
			isa = XCBuildConfiguration;
			buildSettings = {
				ALWAYS_SEARCH_USER_PATHS = NO;
				CLANG_ANALYZER_NONNULL = YES;
				CLANG_ANALYZER_NUMBER_OBJECT_CONVERSION = YES_AGGRESSIVE;
				CLANG_CXX_LANGUAGE_STANDARD = "gnu++20";
				CLANG_ENABLE_MODULES = YES;
				CLANG_ENABLE_OBJC_ARC = YES;
				CLANG_ENABLE_OBJC_WEAK = YES;
				CLANG_WARN_BLOCK_CAPTURE_AUTORELEASING = YES;
				CLANG_WARN_BOOL_CONVERSION = YES;
				CLANG_WARN_COMMA = YES;
				CLANG_WARN_CONSTANT_CONVERSION = YES;
				CLANG_WARN_DEPRECATED_OBJC_IMPLEMENTATIONS = YES;
				CLANG_WARN_DIRECT_OBJC_ISA_USAGE = YES_ERROR;
				CLANG_WARN_DOCUMENTATION_COMMENTS = YES;
				CLANG_WARN_EMPTY_BODY = YES;
				CLANG_WARN_ENUM_CONVERSION = YES;
				CLANG_WARN_INFINITE_RECURSION = YES;
				CLANG_WARN_INT_CONVERSION = YES;
				CLANG_WARN_NON_LITERAL_NULL_CONVERSION = YES;
				CLANG_WARN_OBJC_IMPLICIT_RETAIN_SELF = YES;
				CLANG_WARN_OBJC_LITERAL_CONVERSION = YES;
				CLANG_WARN_OBJC_ROOT_CLASS = YES_ERROR;
				CLANG_WARN_QUOTED_INCLUDE_IN_FRAMEWORK_HEADER = YES;
				CLANG_WARN_RANGE_LOOP_ANALYSIS = YES;
				CLANG_WARN_STRICT_PROTOTYPES = YES;
				CLANG_WARN_SUSPICIOUS_MOVE = YES;
				CLANG_WARN_UNGUARDED_AVAILABILITY = YES_AGGRESSIVE;
				CLANG_WARN_UNREACHABLE_CODE = YES;
				CLANG_WARN__DUPLICATE_METHOD_MATCH = YES;
				COPY_PHASE_STRIP = NO;
				DEBUG_INFORMATION_FORMAT = "dwarf-with-dsym";
				ENABLE_NS_ASSERTIONS = NO;
				ENABLE_STRICT_OBJC_MSGSEND = YES;
				GCC_C_LANGUAGE_STANDARD = gnu11;
				GCC_NO_COMMON_BLOCKS = YES;
				GCC_WARN_64_TO_32_BIT_CONVERSION = YES;
				GCC_WARN_ABOUT_RETURN_TYPE = YES_ERROR;
				GCC_WARN_UNDECLARED_SELECTOR = YES;
				GCC_WARN_UNINITIALIZED_AUTOS = YES_AGGRESSIVE;
				GCC_WARN_UNUSED_FUNCTION = YES;
				GCC_WARN_UNUSED_VARIABLE = YES;
				IPHONEOS_DEPLOYMENT_TARGET = 16.1;
				MTL_ENABLE_DEBUG_INFO = NO;
				MTL_FAST_MATH = YES;
				SDKROOT = iphoneos;
				SWIFT_COMPILATION_MODE = wholemodule;
				SWIFT_OPTIMIZATION_LEVEL = "-O";
				VALIDATE_PRODUCT = YES;
			};
			name = Release;
		};
		1C2327032A2D299F00856F41 /* Debug */ = {
			isa = XCBuildConfiguration;
			buildSettings = {
				ASSETCATALOG_COMPILER_APPICON_NAME = AppIcon;
				ASSETCATALOG_COMPILER_GLOBAL_ACCENT_COLOR_NAME = AccentColor;
				CODE_SIGN_STYLE = Automatic;
				CURRENT_PROJECT_VERSION = 1;
				GENERATE_INFOPLIST_FILE = YES;
				INFOPLIST_KEY_UIApplicationSupportsIndirectInputEvents = YES;
				INFOPLIST_KEY_UILaunchStoryboardName = LaunchScreen;
				INFOPLIST_KEY_UIMainStoryboardFile = Main;
				INFOPLIST_KEY_UIStatusBarHidden = YES;
				INFOPLIST_KEY_UISupportedInterfaceOrientations = "UIInterfaceOrientationLandscapeLeft UIInterfaceOrientationLandscapeRight UIInterfaceOrientationPortrait";
				INFOPLIST_KEY_UISupportedInterfaceOrientations_iPad = "UIInterfaceOrientationLandscapeLeft UIInterfaceOrientationLandscapeRight";
				LD_RUNPATH_SEARCH_PATHS = (
					"$(inherited)",
					"@executable_path/Frameworks",
				);
				MARKETING_VERSION = 1.0;
				PRODUCT_BUNDLE_IDENTIFIER = "me.yoong.tim.Exploding-Monkeys";
				PRODUCT_NAME = "$(TARGET_NAME)";
				SUPPORTED_PLATFORMS = "iphoneos iphonesimulator";
				SUPPORTS_MACCATALYST = NO;
				SUPPORTS_MAC_DESIGNED_FOR_IPHONE_IPAD = NO;
				SWIFT_EMIT_LOC_STRINGS = YES;
				SWIFT_VERSION = 5.0;
				TARGETED_DEVICE_FAMILY = 2;
			};
			name = Debug;
		};
		1C2327042A2D299F00856F41 /* Release */ = {
			isa = XCBuildConfiguration;
			buildSettings = {
				ASSETCATALOG_COMPILER_APPICON_NAME = AppIcon;
				ASSETCATALOG_COMPILER_GLOBAL_ACCENT_COLOR_NAME = AccentColor;
				CODE_SIGN_STYLE = Automatic;
				CURRENT_PROJECT_VERSION = 1;
				GENERATE_INFOPLIST_FILE = YES;
				INFOPLIST_KEY_UIApplicationSupportsIndirectInputEvents = YES;
				INFOPLIST_KEY_UILaunchStoryboardName = LaunchScreen;
				INFOPLIST_KEY_UIMainStoryboardFile = Main;
				INFOPLIST_KEY_UIStatusBarHidden = YES;
				INFOPLIST_KEY_UISupportedInterfaceOrientations = "UIInterfaceOrientationLandscapeLeft UIInterfaceOrientationLandscapeRight UIInterfaceOrientationPortrait";
				INFOPLIST_KEY_UISupportedInterfaceOrientations_iPad = "UIInterfaceOrientationLandscapeLeft UIInterfaceOrientationLandscapeRight";
				LD_RUNPATH_SEARCH_PATHS = (
					"$(inherited)",
					"@executable_path/Frameworks",
				);
				MARKETING_VERSION = 1.0;
				PRODUCT_BUNDLE_IDENTIFIER = "me.yoong.tim.Exploding-Monkeys";
				PRODUCT_NAME = "$(TARGET_NAME)";
				SUPPORTED_PLATFORMS = "iphoneos iphonesimulator";
				SUPPORTS_MACCATALYST = NO;
				SUPPORTS_MAC_DESIGNED_FOR_IPHONE_IPAD = NO;
				SWIFT_EMIT_LOC_STRINGS = YES;
				SWIFT_VERSION = 5.0;
				TARGETED_DEVICE_FAMILY = 2;
			};
			name = Release;
		};
/* End XCBuildConfiguration section */

/* Begin XCConfigurationList section */
		1C2326E62A2D299B00856F41 /* Build configuration list for PBXProject "Exploding Monkeys" */ = {
			isa = XCConfigurationList;
			buildConfigurations = (
				1C2327002A2D299F00856F41 /* Debug */,
				1C2327012A2D299F00856F41 /* Release */,
			);
			defaultConfigurationIsVisible = 0;
			defaultConfigurationName = Release;
		};
		1C2327022A2D299F00856F41 /* Build configuration list for PBXNativeTarget "Exploding Monkeys" */ = {
			isa = XCConfigurationList;
			buildConfigurations = (
				1C2327032A2D299F00856F41 /* Debug */,
				1C2327042A2D299F00856F41 /* Release */,
			);
			defaultConfigurationIsVisible = 0;
			defaultConfigurationName = Release;
		};
/* End XCConfigurationList section */
	};
	rootObject = 1C2326E32A2D299B00856F41 /* Project object */;
}
